
Microsoft Visual Studio Solution File, Format Version 12.00
# Visual Studio 15
VisualStudioVersion = 15.0.28307.438
MinimumVisualStudioVersion = 10.0.40219.1
Project("{FAE04EC0-301F-11D3-BF4B-00C04F79EFBC}") = "HTXT_DaiHoc", "HTXT_DaiHoc\HTXT_DaiHoc.csproj", "{A0B3CE44-D76B-44BC-8961-E6BED1379B0E}"
EndProject
Global
	GlobalSection(SolutionConfigurationPlatforms) = preSolution
		Debug|Any CPU = Debug|Any CPU
		Release|Any CPU = Release|Any CPU
	EndGlobalSection
	GlobalSection(ProjectConfigurationPlatforms) = postSolution
		{A0B3CE44-D76B-44BC-8961-E6BED1379B0E}.Debug|Any CPU.ActiveCfg = Debug|Any CPU
		{A0B3CE44-D76B-44BC-8961-E6BED1379B0E}.Debug|Any CPU.Build.0 = Debug|Any CPU
		{A0B3CE44-D76B-44BC-8961-E6BED1379B0E}.Release|Any CPU.ActiveCfg = Release|Any CPU
		{A0B3CE44-D76B-44BC-8961-E6BED1379B0E}.Release|Any CPU.Build.0 = Release|Any CPU
	EndGlobalSection
	GlobalSection(SolutionProperties) = preSolution
		HideSolutionNode = FALSE
	EndGlobalSection
	GlobalSection(ExtensibilityGlobals) = postSolution
		SolutionGuid = {9A945B0C-E77F-4773-86D2-66223A765EEC}
	EndGlobalSection
EndGlobal
